
Microsoft Visual Studio Solution File, Format Version 12.00
# Visual Studio 15
VisualStudioVersion = 15.0.27703.2047
MinimumVisualStudioVersion = 10.0.40219.1
Project("{FAE04EC0-301F-11D3-BF4B-00C04F79EFBC}") = "AspNet.Capitulo01.Variaveis", "ImpactaAspNet.Capitulo01.Variaveis\AspNet.Capitulo01.Variaveis.csproj", "{AF19A4A5-9EC8-4675-8C57-31146ACC7B99}"
EndProject
Project("{FAE04EC0-301F-11D3-BF4B-00C04F79EFBC}") = "AspNet.Capitulo01.Troco", "ImpactaAspNet.Capitulo01.Troco\AspNet.Capitulo01.Troco.csproj", "{3D97C13B-DEFB-4E62-9F98-F188FB27D768}"
EndProject
Project("{FAE04EC0-301F-11D3-BF4B-00C04F79EFBC}") = "AspNet.Capitulo01.Frete", "AspNet.Capitulo01.Frete\AspNet.Capitulo01.Frete.csproj", "{DF6723F6-E117-4EEC-A1A0-5CAF9C47DCC6}"
EndProject
Project("{FAE04EC0-301F-11D3-BF4B-00C04F79EFBC}") = "AspNet.Capitulo01.Repeticao.Testes", "AspNet.Capitulo01.Repeticao.Testes\AspNet.Capitulo01.Repeticao.Testes.csproj", "{5484FA80-4659-4819-A979-779054F830FC}"
EndProject
Global
	GlobalSection(SolutionConfigurationPlatforms) = preSolution
		Debug|Any CPU = Debug|Any CPU
		Release|Any CPU = Release|Any CPU
	EndGlobalSection
	GlobalSection(ProjectConfigurationPlatforms) = postSolution
		{AF19A4A5-9EC8-4675-8C57-31146ACC7B99}.Debug|Any CPU.ActiveCfg = Debug|Any CPU
		{AF19A4A5-9EC8-4675-8C57-31146ACC7B99}.Debug|Any CPU.Build.0 = Debug|Any CPU
		{AF19A4A5-9EC8-4675-8C57-31146ACC7B99}.Release|Any CPU.ActiveCfg = Release|Any CPU
		{AF19A4A5-9EC8-4675-8C57-31146ACC7B99}.Release|Any CPU.Build.0 = Release|Any CPU
		{3D97C13B-DEFB-4E62-9F98-F188FB27D768}.Debug|Any CPU.ActiveCfg = Debug|Any CPU
		{3D97C13B-DEFB-4E62-9F98-F188FB27D768}.Debug|Any CPU.Build.0 = Debug|Any CPU
		{3D97C13B-DEFB-4E62-9F98-F188FB27D768}.Release|Any CPU.ActiveCfg = Release|Any CPU
		{3D97C13B-DEFB-4E62-9F98-F188FB27D768}.Release|Any CPU.Build.0 = Release|Any CPU
		{DF6723F6-E117-4EEC-A1A0-5CAF9C47DCC6}.Debug|Any CPU.ActiveCfg = Debug|Any CPU
		{DF6723F6-E117-4EEC-A1A0-5CAF9C47DCC6}.Debug|Any CPU.Build.0 = Debug|Any CPU
		{DF6723F6-E117-4EEC-A1A0-5CAF9C47DCC6}.Release|Any CPU.ActiveCfg = Release|Any CPU
		{DF6723F6-E117-4EEC-A1A0-5CAF9C47DCC6}.Release|Any CPU.Build.0 = Release|Any CPU
		{5484FA80-4659-4819-A979-779054F830FC}.Debug|Any CPU.ActiveCfg = Debug|Any CPU
		{5484FA80-4659-4819-A979-779054F830FC}.Debug|Any CPU.Build.0 = Debug|Any CPU
		{5484FA80-4659-4819-A979-779054F830FC}.Release|Any CPU.ActiveCfg = Release|Any CPU
		{5484FA80-4659-4819-A979-779054F830FC}.Release|Any CPU.Build.0 = Release|Any CPU
	EndGlobalSection
	GlobalSection(SolutionProperties) = preSolution
		HideSolutionNode = FALSE
	EndGlobalSection
	GlobalSection(ExtensibilityGlobals) = postSolution
		SolutionGuid = {499A8260-2391-4815-A438-2CD5887A27CC}
	EndGlobalSection
EndGlobal
